Microsoft Visual Studio Solution File, Format Version 12.00
# Visual Studio Version 17
VisualStudioVersion = 17.1.32328.378
MinimumVisualStudioVersion = 10.0.40219.1
Project("{FAE04EC0-301F-11D3-BF4B-00C04F79EFBC}") = "LAB3_Parcial2", "LAB3_Parcial2\LAB3_Parcial2.csproj", "{2130D4D0-5D0E-4590-9716-E9D598AF4C33}"
EndProject
Global
	GlobalSection(SolutionConfigurationPlatforms) = preSolution
		Debug|Any CPU = Debug|Any CPU
		Release|Any CPU = Release|Any CPU
	EndGlobalSection
	GlobalSection(ProjectConfigurationPlatforms) = postSolution
		{2130D4D0-5D0E-4590-9716-E9D598AF4C33}.Debug|Any CPU.ActiveCfg = Debug|Any CPU
		{2130D4D0-5D0E-4590-9716-E9D598AF4C33}.Debug|Any CPU.Build.0 = Debug|Any CPU
		{2130D4D0-5D0E-4590-9716-E9D598AF4C33}.Release|Any CPU.ActiveCfg = Release|Any CPU
		{2130D4D0-5D0E-4590-9716-E9D598AF4C33}.Release|Any CPU.Build.0 = Release|Any CPU
	EndGlobalSection
	GlobalSection(SolutionProperties) = preSolution
		HideSolutionNode = FALSE
	EndGlobalSection
	GlobalSection(ExtensibilityGlobals) = postSolution
		SolutionGuid = {BCC0E758-DEF6-4268-95D5-0305599D723A}
	EndGlobalSection
EndGlobal
